
Microsoft Visual Studio Solution File, Format Version 12.00
# Visual Studio Version 17
VisualStudioVersion = 17.14.36511.14 d17.14
MinimumVisualStudioVersion = 10.0.40219.1
Project("{FAE04EC0-301F-11D3-BF4B-00C04F79EFBC}") = "students", "students\students.csproj", "{BDFDD20A-78F4-4D92-906E-5F41DC998A78}"
EndProject
Global
	GlobalSection(SolutionConfigurationPlatforms) = preSolution
		Debug|Any CPU = Debug|Any CPU
		Release|Any CPU = Release|Any CPU
	EndGlobalSection
	GlobalSection(ProjectConfigurationPlatforms) = postSolution
		{BDFDD20A-78F4-4D92-906E-5F41DC998A78}.Debug|Any CPU.ActiveCfg = Debug|Any CPU
		{BDFDD20A-78F4-4D92-906E-5F41DC998A78}.Debug|Any CPU.Build.0 = Debug|Any CPU
		{BDFDD20A-78F4-4D92-906E-5F41DC998A78}.Release|Any CPU.ActiveCfg = Release|Any CPU
		{BDFDD20A-78F4-4D92-906E-5F41DC998A78}.Release|Any CPU.Build.0 = Release|Any CPU
	EndGlobalSection
	GlobalSection(SolutionProperties) = preSolution
		HideSolutionNode = FALSE
	EndGlobalSection
	GlobalSection(ExtensibilityGlobals) = postSolution
		SolutionGuid = {BB5716FA-0BC8-4418-B93A-A2CC1C5EE5B2}
	EndGlobalSection
EndGlobal
